
Microsoft Visual Studio Solution File, Format Version 12.00
# Visual Studio 15
VisualStudioVersion = 15.0.28010.2026
MinimumVisualStudioVersion = 10.0.40219.1
Project("{FAE04EC0-301F-11D3-BF4B-00C04F79EFBC}") = "GeoGame", "GeoGame\GeoGame.csproj", "{72F209C2-CDF9-4D7A-8859-8AF95C6EC84F}"
EndProject
Project("{FAE04EC0-301F-11D3-BF4B-00C04F79EFBC}") = "Auth", "Auth\Auth.csproj", "{7C1DFFC1-6139-4BAC-8ED8-D004F7E50B6E}"
EndProject
Global
	GlobalSection(SolutionConfigurationPlatforms) = preSolution
		Debug|Any CPU = Debug|Any CPU
		Release|Any CPU = Release|Any CPU
	EndGlobalSection
	GlobalSection(ProjectConfigurationPlatforms) = postSolution
		{72F209C2-CDF9-4D7A-8859-8AF95C6EC84F}.Debug|Any CPU.ActiveCfg = Debug|Any CPU
		{72F209C2-CDF9-4D7A-8859-8AF95C6EC84F}.Debug|Any CPU.Build.0 = Debug|Any CPU
		{72F209C2-CDF9-4D7A-8859-8AF95C6EC84F}.Release|Any CPU.ActiveCfg = Release|Any CPU
		{72F209C2-CDF9-4D7A-8859-8AF95C6EC84F}.Release|Any CPU.Build.0 = Release|Any CPU
		{7C1DFFC1-6139-4BAC-8ED8-D004F7E50B6E}.Debug|Any CPU.ActiveCfg = Debug|Any CPU
		{7C1DFFC1-6139-4BAC-8ED8-D004F7E50B6E}.Debug|Any CPU.Build.0 = Debug|Any CPU
		{7C1DFFC1-6139-4BAC-8ED8-D004F7E50B6E}.Release|Any CPU.ActiveCfg = Release|Any CPU
		{7C1DFFC1-6139-4BAC-8ED8-D004F7E50B6E}.Release|Any CPU.Build.0 = Release|Any CPU
	EndGlobalSection
	GlobalSection(SolutionProperties) = preSolution
		HideSolutionNode = FALSE
	EndGlobalSection
	GlobalSection(ExtensibilityGlobals) = postSolution
		SolutionGuid = {42468A61-F0A0-4E37-ACED-2E087DF308E6}
	EndGlobalSection
EndGlobal
